
Microsoft Visual Studio Solution File, Format Version 12.00
# Visual Studio Version 17
VisualStudioVersion = 17.8.34330.188
MinimumVisualStudioVersion = 10.0.40219.1
Project("{FAE04EC0-301F-11D3-BF4B-00C04F79EFBC}") = "MuhammadTaha_SP22_BSCS_0119", "MuhammadTaha_SP22_BSCS_0119\MuhammadTaha_SP22_BSCS_0119.csproj", "{EBF61608-38A4-4C6E-9C5A-165138DD9C5D}"
EndProject
Global
	GlobalSection(SolutionConfigurationPlatforms) = preSolution
		Debug|Any CPU = Debug|Any CPU
		Release|Any CPU = Release|Any CPU
	EndGlobalSection
	GlobalSection(ProjectConfigurationPlatforms) = postSolution
		{EBF61608-38A4-4C6E-9C5A-165138DD9C5D}.Debug|Any CPU.ActiveCfg = Debug|Any CPU
		{EBF61608-38A4-4C6E-9C5A-165138DD9C5D}.Debug|Any CPU.Build.0 = Debug|Any CPU
		{EBF61608-38A4-4C6E-9C5A-165138DD9C5D}.Release|Any CPU.ActiveCfg = Release|Any CPU
		{EBF61608-38A4-4C6E-9C5A-165138DD9C5D}.Release|Any CPU.Build.0 = Release|Any CPU
	EndGlobalSection
	GlobalSection(SolutionProperties) = preSolution
		HideSolutionNode = FALSE
	EndGlobalSection
	GlobalSection(ExtensibilityGlobals) = postSolution
		SolutionGuid = {9E97F857-C0E5-43E0-925A-ACB0B67596A6}
	EndGlobalSection
EndGlobal
